
Microsoft Visual Studio Solution File, Format Version 11.00
# Visual Studio 2010
Project("{8BC9CEB8-8B4A-11D0-8D11-00A0C91BC942}") = "VisageFaceRec", "VisageFaceRec\VisageFaceRec.vcxproj", "{9E1B1D72-11BA-4664-9C5F-EB2C1F808049}"
EndProject
Global
	GlobalSection(SolutionConfigurationPlatforms) = preSolution
		Debug|Win32 = Debug|Win32
		Release|Win32 = Release|Win32
	EndGlobalSection
	GlobalSection(ProjectConfigurationPlatforms) = postSolution
		{9E1B1D72-11BA-4664-9C5F-EB2C1F808049}.Debug|Win32.ActiveCfg = Debug|Win32
		{9E1B1D72-11BA-4664-9C5F-EB2C1F808049}.Debug|Win32.Build.0 = Debug|Win32
		{9E1B1D72-11BA-4664-9C5F-EB2C1F808049}.Release|Win32.ActiveCfg = Release|Win32
		{9E1B1D72-11BA-4664-9C5F-EB2C1F808049}.Release|Win32.Build.0 = Release|Win32
	EndGlobalSection
	GlobalSection(SolutionProperties) = preSolution
		HideSolutionNode = FALSE
	EndGlobalSection
EndGlobal
